
Microsoft Visual Studio Solution File, Format Version 12.00
# Visual Studio 15
VisualStudioVersion = 15.0.26730.16
MinimumVisualStudioVersion = 10.0.40219.1
Project("{8BC9CEB8-8B4A-11D0-8D11-00A0C91BC942}") = "Recursividad", "Recursividad\Recursividad.vcxproj", "{3DA976B6-F111-4BFC-88C2-994D79B75E0F}"
EndProject
Global
	GlobalSection(SolutionConfigurationPlatforms) = preSolution
		Debug|x64 = Debug|x64
		Debug|x86 = Debug|x86
		Release|x64 = Release|x64
		Release|x86 = Release|x86
	EndGlobalSection
	GlobalSection(ProjectConfigurationPlatforms) = postSolution
		{3DA976B6-F111-4BFC-88C2-994D79B75E0F}.Debug|x64.ActiveCfg = Debug|x64
		{3DA976B6-F111-4BFC-88C2-994D79B75E0F}.Debug|x64.Build.0 = Debug|x64
		{3DA976B6-F111-4BFC-88C2-994D79B75E0F}.Debug|x86.ActiveCfg = Debug|Win32
		{3DA976B6-F111-4BFC-88C2-994D79B75E0F}.Debug|x86.Build.0 = Debug|Win32
		{3DA976B6-F111-4BFC-88C2-994D79B75E0F}.Release|x64.ActiveCfg = Release|x64
		{3DA976B6-F111-4BFC-88C2-994D79B75E0F}.Release|x64.Build.0 = Release|x64
		{3DA976B6-F111-4BFC-88C2-994D79B75E0F}.Release|x86.ActiveCfg = Release|Win32
		{3DA976B6-F111-4BFC-88C2-994D79B75E0F}.Release|x86.Build.0 = Release|Win32
	EndGlobalSection
	GlobalSection(SolutionProperties) = preSolution
		HideSolutionNode = FALSE
	EndGlobalSection
	GlobalSection(ExtensibilityGlobals) = postSolution
		SolutionGuid = {78BD3CCD-16E9-4134-9151-E46B36CCFC58}
	EndGlobalSection
EndGlobal
