
Microsoft Visual Studio Solution File, Format Version 12.00
# Visual Studio 15
VisualStudioVersion = 15.0.27130.2003
MinimumVisualStudioVersion = 10.0.40219.1
Project("{8BC9CEB8-8B4A-11D0-8D11-00A0C91BC942}") = "ListasDobleEnlazada", "ListasDobleEnlazada\ListasDobleEnlazada.vcxproj", "{4EBBFBBB-B15E-4A8C-A057-5E45C684BFFB}"
EndProject
Global
	GlobalSection(SolutionConfigurationPlatforms) = preSolution
		Debug|x64 = Debug|x64
		Debug|x86 = Debug|x86
		Release|x64 = Release|x64
		Release|x86 = Release|x86
	EndGlobalSection
	GlobalSection(ProjectConfigurationPlatforms) = postSolution
		{4EBBFBBB-B15E-4A8C-A057-5E45C684BFFB}.Debug|x64.ActiveCfg = Debug|x64
		{4EBBFBBB-B15E-4A8C-A057-5E45C684BFFB}.Debug|x64.Build.0 = Debug|x64
		{4EBBFBBB-B15E-4A8C-A057-5E45C684BFFB}.Debug|x86.ActiveCfg = Debug|Win32
		{4EBBFBBB-B15E-4A8C-A057-5E45C684BFFB}.Debug|x86.Build.0 = Debug|Win32
		{4EBBFBBB-B15E-4A8C-A057-5E45C684BFFB}.Release|x64.ActiveCfg = Release|x64
		{4EBBFBBB-B15E-4A8C-A057-5E45C684BFFB}.Release|x64.Build.0 = Release|x64
		{4EBBFBBB-B15E-4A8C-A057-5E45C684BFFB}.Release|x86.ActiveCfg = Release|Win32
		{4EBBFBBB-B15E-4A8C-A057-5E45C684BFFB}.Release|x86.Build.0 = Release|Win32
	EndGlobalSection
	GlobalSection(SolutionProperties) = preSolution
		HideSolutionNode = FALSE
	EndGlobalSection
	GlobalSection(ExtensibilityGlobals) = postSolution
		SolutionGuid = {2B9DA91B-0709-46D6-9DFC-2F3CE43BFD43}
	EndGlobalSection
EndGlobal
